[
  {
    "id": "bnomihfieiccainjcjblhegjgglakjdd",
    "version": "4.2081",
    "url": "https://github.com/ZihanType/public-nix-ci/releases/download/extension-bnomihfieiccainjcjblhegjgglakjdd-v4.2081/bnomihfieiccainjcjblhegjgglakjdd-4.2081.crx",
    "sha256": "sha256-gcwEVzfNSFQSpBVYMwClKbCq6tXshMBddBt6OQD3yiw="
  }
]
