[
  {
    "id": "bnomihfieiccainjcjblhegjgglakjdd",
    "version": "4.2081",
    "url": "https://github.com/ZihanType/public-nix-ci/releases/download/extension-bnomihfieiccainjcjblhegjgglakjdd-v4.2081/bnomihfieiccainjcjblhegjgglakjdd-4.2081.crx",
    "sha256": "sha256-gcwEVzfNSFQSpBVYMwClKbCq6tXshMBddBt6OQD3yiw="
  },
  {
    "id": "bpoadfkcbjbfhfodiogcnhhhpibjhbnh",
    "version": "1.32.7",
    "url": "https://github.com/ZihanType/public-nix-ci/releases/download/extension-bpoadfkcbjbfhfodiogcnhhhpibjhbnh-v1.32.7/bpoadfkcbjbfhfodiogcnhhhpibjhbnh-1.32.7.crx",
    "sha256": "sha256-jo107L7AYueLq7fru8+26aLA5pgucX7wpyB+cqOwDic="
  },
  {
    "id": "ccnjcdhodlnppgfcglhmpgfancbdhojh",
    "version": "1.73.0",
    "url": "https://github.com/ZihanType/public-nix-ci/releases/download/extension-ccnjcdhodlnppgfcglhmpgfancbdhojh-v1.73.0/ccnjcdhodlnppgfcglhmpgfancbdhojh-1.73.0.crx",
    "sha256": "sha256-REPpVx1cCpBUOjw8NWl+NWSZjTR6AGaAFW/ofX3GF60="
  },
  {
    "id": "djflhoibgkdhkhhcedjiklpkjnoahfmg",
    "version": "2.0.2",
    "url": "https://github.com/ZihanType/public-nix-ci/releases/download/extension-djflhoibgkdhkhhcedjiklpkjnoahfmg-v2.0.2/djflhoibgkdhkhhcedjiklpkjnoahfmg-2.0.2.crx",
    "sha256": "sha256-91dvkBmxaxmBtcUPIrc1tcyN/DAkyeypaBayZrxxY0Q="
  }
]
